Microsoft Visual Studio Solution File, Format Version 12.00
# Visual Studio 2012
Project("{FAE04EC0-301F-11D3-BF4B-00C04F79EFBC}") = "ScaleStory", "ScaleStory.csproj", "{75AFC49D-4FC3-4925-9C2E-FFD0C2400082}"
EndProject
Global
	GlobalSection(SolutionConfigurationPlatforms) = preSolution
	Debug|Any CPU = Debug|Any CPU
	ExportDebug|Any CPU = ExportDebug|Any CPU
	ExportRelease|Any CPU = ExportRelease|Any CPU
	EndGlobalSection
	GlobalSection(ProjectConfigurationPlatforms) = postSolution
		{75AFC49D-4FC3-4925-9C2E-FFD0C2400082}.Debug|Any CPU.ActiveCfg = Debug|Any CPU
		{75AFC49D-4FC3-4925-9C2E-FFD0C2400082}.Debug|Any CPU.Build.0 = Debug|Any CPU
		{75AFC49D-4FC3-4925-9C2E-FFD0C2400082}.ExportDebug|Any CPU.ActiveCfg = ExportDebug|Any CPU
		{75AFC49D-4FC3-4925-9C2E-FFD0C2400082}.ExportDebug|Any CPU.Build.0 = ExportDebug|Any CPU
		{75AFC49D-4FC3-4925-9C2E-FFD0C2400082}.ExportRelease|Any CPU.ActiveCfg = ExportRelease|Any CPU
		{75AFC49D-4FC3-4925-9C2E-FFD0C2400082}.ExportRelease|Any CPU.Build.0 = ExportRelease|Any CPU
	EndGlobalSection
EndGlobal
